// !$*UTF8*$!
{
	archiveVersion = 1;
	classes = {
	};
	objectVersion = 56;
	objects = {

/* Begin PBXBuildFile section */
		04571B4B2A97D8730033BC38 /* String+ Extension.swift in Sources */ = {isa = PBXBuildFile; fileRef = 04571B4A2A97D8730033BC38 /* String+ Extension.swift */; };
		04571B4E2A98DBC70033BC38 /* UserDefaultsManager.swift in Sources */ = {isa = PBXBuildFile; fileRef = 04571B4D2A98DBC70033BC38 /* UserDefaultsManager.swift */; };
		04571B512A98DCF50033BC38 /* UserModel.swift in Sources */ = {isa = PBXBuildFile; fileRef = 04571B502A98DCF50033BC38 /* UserModel.swift */; };
		04571B532A98EFF40033BC38 /* AlertOk.swift in Sources */ = {isa = PBXBuildFile; fileRef = 04571B522A98EFF40033BC38 /* AlertOk.swift */; };
		04571B552A9C92B20033BC38 /* AlbumModel.swift in Sources */ = {isa = PBXBuildFile; fileRef = 04571B542A9C92B20033BC38 /* AlbumModel.swift */; };
		04571B582A9C960D0033BC38 /* NetworkRequest.swift in Sources */ = {isa = PBXBuildFile; fileRef = 04571B572A9C960D0033BC38 /* NetworkRequest.swift */; };
		04571B5A2A9C9B850033BC38 /* NetworkDataFetch.swift in Sources */ = {isa = PBXBuildFile; fileRef = 04571B592A9C9B850033BC38 /* NetworkDataFetch.swift */; };
		049D37F52A8B9CF900F934D3 /* AppDelegate.swift in Sources */ = {isa = PBXBuildFile; fileRef = 049D37F42A8B9CF900F934D3 /* AppDelegate.swift */; };
		049D37F72A8B9CF900F934D3 /* SceneDelegate.swift in Sources */ = {isa = PBXBuildFile; fileRef = 049D37F62A8B9CF900F934D3 /* SceneDelegate.swift */; };
		049D37F92A8B9CF900F934D3 /* AuthViewController.swift in Sources */ = {isa = PBXBuildFile; fileRef = 049D37F82A8B9CF900F934D3 /* AuthViewController.swift */; };
		049D37FE2A8B9CFA00F934D3 /* Assets.xcassets in Resources */ = {isa = PBXBuildFile; fileRef = 049D37FD2A8B9CFA00F934D3 /* Assets.xcassets */; };
		049D38012A8B9CFA00F934D3 /* LaunchScreen.storyboard in Resources */ = {isa = PBXBuildFile; fileRef = 049D37FF2A8B9CFA00F934D3 /* LaunchScreen.storyboard */; };
		049D38092A93810000F934D3 /* SignUpViewController.swift in Sources */ = {isa = PBXBuildFile; fileRef = 049D38082A93810000F934D3 /* SignUpViewController.swift */; };
		049D380D2A93828B00F934D3 /* UIStackView+ Extension.swift in Sources */ = {isa = PBXBuildFile; fileRef = 049D380C2A93828B00F934D3 /* UIStackView+ Extension.swift */; };
		049D380F2A93A29F00F934D3 /* AlbumsViewController.swift in Sources */ = {isa = PBXBuildFile; fileRef = 049D380E2A93A29F00F934D3 /* AlbumsViewController.swift */; };
		049D38112A93A50A00F934D3 /* UIViewController + Extension.swift in Sources */ = {isa = PBXBuildFile; fileRef = 049D38102A93A50A00F934D3 /* UIViewController + Extension.swift */; };
		049D38142A93A72100F934D3 /* AlbumsTableViewCell.swift in Sources */ = {isa = PBXBuildFile; fileRef = 049D38132A93A72100F934D3 /* AlbumsTableViewCell.swift */; };
		049D38162A94C3AA00F934D3 /* DetailAlbumViewController.swift in Sources */ = {isa = PBXBuildFile; fileRef = 049D38152A94C3AA00F934D3 /* DetailAlbumViewController.swift */; };
		049D38182A94C81B00F934D3 /* SongsCollectionViewCell.swift in Sources */ = {isa = PBXBuildFile; fileRef = 049D38172A94C81B00F934D3 /* SongsCollectionViewCell.swift */; };
		049D381A2A94CA0A00F934D3 /* UserInfoViewController.swift in Sources */ = {isa = PBXBuildFile; fileRef = 049D38192A94CA0A00F934D3 /* UserInfoViewController.swift */; };
/* End PBXBuildFile section */

/* Begin PBXFileReference section */
		04571B4A2A97D8730033BC38 /* String+ Extension.swift */ = {isa = PBXFileReference; lastKnownFileType = sourcecode.swift; path = "String+ Extension.swift"; sourceTree = "<group>"; };
		04571B4D2A98DBC70033BC38 /* UserDefaultsManager.swift */ = {isa = PBXFileReference; lastKnownFileType = sourcecode.swift; path = UserDefaultsManager.swift; sourceTree = "<group>"; };
		04571B502A98DCF50033BC38 /* UserModel.swift */ = {isa = PBXFileReference; lastKnownFileType = sourcecode.swift; path = UserModel.swift; sourceTree = "<group>"; };
		04571B522A98EFF40033BC38 /* AlertOk.swift */ = {isa = PBXFileReference; lastKnownFileType = sourcecode.swift; path = AlertOk.swift; sourceTree = "<group>"; };
		04571B542A9C92B20033BC38 /* AlbumModel.swift */ = {isa = PBXFileReference; lastKnownFileType = sourcecode.swift; path = AlbumModel.swift; sourceTree = "<group>"; };
		04571B572A9C960D0033BC38 /* NetworkRequest.swift */ = {isa = PBXFileReference; lastKnownFileType = sourcecode.swift; path = NetworkRequest.swift; sourceTree = "<group>"; };
		04571B592A9C9B850033BC38 /* NetworkDataFetch.swift */ = {isa = PBXFileReference; lastKnownFileType = sourcecode.swift; path = NetworkDataFetch.swift; sourceTree = "<group>"; };
		049D37F12A8B9CF900F934D3 /* iTunesApp.app */ = {isa = PBXFileReference; explicitFileType = wrapper.application; includeInIndex = 0; path = iTunesApp.app; sourceTree = BUILT_PRODUCTS_DIR; };
		049D37F42A8B9CF900F934D3 /* AppDelegate.swift */ = {isa = PBXFileReference; lastKnownFileType = sourcecode.swift; path = AppDelegate.swift; sourceTree = "<group>"; };
		049D37F62A8B9CF900F934D3 /* SceneDelegate.swift */ = {isa = PBXFileReference; lastKnownFileType = sourcecode.swift; path = SceneDelegate.swift; sourceTree = "<group>"; };
		049D37F82A8B9CF900F934D3 /* AuthViewController.swift */ = {isa = PBXFileReference; lastKnownFileType = sourcecode.swift; path = AuthViewController.swift; sourceTree = "<group>"; };
		049D37FD2A8B9CFA00F934D3 /* Assets.xcassets */ = {isa = PBXFileReference; lastKnownFileType = folder.assetcatalog; path = Assets.xcassets; sourceTree = "<group>"; };
		049D38002A8B9CFA00F934D3 /* Base */ = {isa = PBXFileReference; lastKnownFileType = file.storyboard; name = Base; path = Base.lproj/LaunchScreen.storyboard; sourceTree = "<group>"; };
		049D38022A8B9CFA00F934D3 /* Info.plist */ = {isa = PBXFileReference; lastKnownFileType = text.plist.xml; path = Info.plist; sourceTree = "<group>"; };
		049D38082A93810000F934D3 /* SignUpViewController.swift */ = {isa = PBXFileReference; lastKnownFileType = sourcecode.swift; path = SignUpViewController.swift; sourceTree = "<group>"; };
		049D380C2A93828B00F934D3 /* UIStackView+ Extension.swift */ = {isa = PBXFileReference; lastKnownFileType = sourcecode.swift; path = "UIStackView+ Extension.swift"; sourceTree = "<group>"; };
		049D380E2A93A29F00F934D3 /* AlbumsViewController.swift */ = {isa = PBXFileReference; lastKnownFileType = sourcecode.swift; path = AlbumsViewController.swift; sourceTree = "<group>"; };
		049D38102A93A50A00F934D3 /* UIViewController + Extension.swift */ = {isa = PBXFileReference; lastKnownFileType = sourcecode.swift; path = "UIViewController + Extension.swift"; sourceTree = "<group>"; };
		049D38132A93A72100F934D3 /* AlbumsTableViewCell.swift */ = {isa = PBXFileReference; lastKnownFileType = sourcecode.swift; path = AlbumsTableViewCell.swift; sourceTree = "<group>"; };
		049D38152A94C3AA00F934D3 /* DetailAlbumViewController.swift */ = {isa = PBXFileReference; lastKnownFileType = sourcecode.swift; path = DetailAlbumViewController.swift; sourceTree = "<group>"; };
		049D38172A94C81B00F934D3 /* SongsCollectionViewCell.swift */ = {isa = PBXFileReference; lastKnownFileType = sourcecode.swift; path = SongsCollectionViewCell.swift; sourceTree = "<group>"; };
		049D38192A94CA0A00F934D3 /* UserInfoViewController.swift */ = {isa = PBXFileReference; lastKnownFileType = sourcecode.swift; path = UserInfoViewController.swift; sourceTree = "<group>"; };
/* End PBXFileReference section */

/* Begin PBXFrameworksBuildPhase section */
		049D37EE2A8B9CF900F934D3 /* Frameworks */ = {
			isa = PBXFrameworksBuildPhase;
			buildActionMask = 2147483647;
			files = (
			);
			runOnlyForDeploymentPostprocessing = 0;
		};
/* End PBXFrameworksBuildPhase section */

/* Begin PBXGroup section */
		04571B482A96833B0033BC38 /* Controllers */ = {
			isa = PBXGroup;
			children = (
				049D38122A93A71300F934D3 /* Cells */,
				049D37F82A8B9CF900F934D3 /* AuthViewController.swift */,
				049D38082A93810000F934D3 /* SignUpViewController.swift */,
				049D380E2A93A29F00F934D3 /* AlbumsViewController.swift */,
				049D38152A94C3AA00F934D3 /* DetailAlbumViewController.swift */,
				049D38192A94CA0A00F934D3 /* UserInfoViewController.swift */,
			);
			path = Controllers;
			sourceTree = "<group>";
		};
		04571B492A9683640033BC38 /* Applications */ = {
			isa = PBXGroup;
			children = (
				049D37F42A8B9CF900F934D3 /* AppDelegate.swift */,
				049D37F62A8B9CF900F934D3 /* SceneDelegate.swift */,
			);
			path = Applications;
			sourceTree = "<group>";
		};
		04571B4C2A98DBA70033BC38 /* Services */ = {
			isa = PBXGroup;
			children = (
				04571B4D2A98DBC70033BC38 /* UserDefaultsManager.swift */,
			);
			path = Services;
			sourceTree = "<group>";
		};
		04571B4F2A98DCE10033BC38 /* Models */ = {
			isa = PBXGroup;
			children = (
				04571B502A98DCF50033BC38 /* UserModel.swift */,
				04571B522A98EFF40033BC38 /* AlertOk.swift */,
				04571B542A9C92B20033BC38 /* AlbumModel.swift */,
			);
			path = Models;
			sourceTree = "<group>";
		};
		04571B562A9C95F90033BC38 /* Network */ = {
			isa = PBXGroup;
			children = (
				04571B572A9C960D0033BC38 /* NetworkRequest.swift */,
				04571B592A9C9B850033BC38 /* NetworkDataFetch.swift */,
			);
			path = Network;
			sourceTree = "<group>";
		};
		049D37E82A8B9CF900F934D3 = {
			isa = PBXGroup;
			children = (
				049D37F32A8B9CF900F934D3 /* iTunesApp */,
				049D37F22A8B9CF900F934D3 /* Products */,
			);
			sourceTree = "<group>";
		};
		049D37F22A8B9CF900F934D3 /* Products */ = {
			isa = PBXGroup;
			children = (
				049D37F12A8B9CF900F934D3 /* iTunesApp.app */,
			);
			name = Products;
			sourceTree = "<group>";
		};
		049D37F32A8B9CF900F934D3 /* iTunesApp */ = {
			isa = PBXGroup;
			children = (
				04571B492A9683640033BC38 /* Applications */,
				04571B482A96833B0033BC38 /* Controllers */,
				04571B4F2A98DCE10033BC38 /* Models */,
				04571B562A9C95F90033BC38 /* Network */,
				04571B4C2A98DBA70033BC38 /* Services */,
				049D380A2A93825C00F934D3 /* Extensions */,
				049D37FD2A8B9CFA00F934D3 /* Assets.xcassets */,
				049D37FF2A8B9CFA00F934D3 /* LaunchScreen.storyboard */,
				049D38022A8B9CFA00F934D3 /* Info.plist */,
			);
			path = iTunesApp;
			sourceTree = "<group>";
		};
		049D380A2A93825C00F934D3 /* Extensions */ = {
			isa = PBXGroup;
			children = (
				04571B4A2A97D8730033BC38 /* String+ Extension.swift */,
				049D380B2A93826E00F934D3 /* UIKit */,
			);
			path = Extensions;
			sourceTree = "<group>";
		};
		049D380B2A93826E00F934D3 /* UIKit */ = {
			isa = PBXGroup;
			children = (
				049D380C2A93828B00F934D3 /* UIStackView+ Extension.swift */,
				049D38102A93A50A00F934D3 /* UIViewController + Extension.swift */,
			);
			path = UIKit;
			sourceTree = "<group>";
		};
		049D38122A93A71300F934D3 /* Cells */ = {
			isa = PBXGroup;
			children = (
				049D38132A93A72100F934D3 /* AlbumsTableViewCell.swift */,
				049D38172A94C81B00F934D3 /* SongsCollectionViewCell.swift */,
			);
			path = Cells;
			sourceTree = "<group>";
		};
/* End PBXGroup section */

/* Begin PBXNativeTarget section */
		049D37F02A8B9CF900F934D3 /* iTunesApp */ = {
			isa = PBXNativeTarget;
			buildConfigurationList = 049D38052A8B9CFA00F934D3 /* Build configuration list for PBXNativeTarget "iTunesApp" */;
			buildPhases = (
				049D37ED2A8B9CF900F934D3 /* Sources */,
				049D37EE2A8B9CF900F934D3 /* Frameworks */,
				049D37EF2A8B9CF900F934D3 /* Resources */,
			);
			buildRules = (
			);
			dependencies = (
			);
			name = iTunesApp;
			productName = iTunesApp;
			productReference = 049D37F12A8B9CF900F934D3 /* iTunesApp.app */;
			productType = "com.apple.product-type.application";
		};
/* End PBXNativeTarget section */

/* Begin PBXProject section */
		049D37E92A8B9CF900F934D3 /* Project object */ = {
			isa = PBXProject;
			attributes = {
				BuildIndependentTargetsInParallel = 1;
				LastSwiftUpdateCheck = 1430;
				LastUpgradeCheck = 1430;
				TargetAttributes = {
					049D37F02A8B9CF900F934D3 = {
						CreatedOnToolsVersion = 14.3.1;
					};
				};
			};
			buildConfigurationList = 049D37EC2A8B9CF900F934D3 /* Build configuration list for PBXProject "iTunesApp" */;
			compatibilityVersion = "Xcode 14.0";
			developmentRegion = en;
			hasScannedForEncodings = 0;
			knownRegions = (
				en,
				Base,
			);
			mainGroup = 049D37E82A8B9CF900F934D3;
			productRefGroup = 049D37F22A8B9CF900F934D3 /* Products */;
			projectDirPath = "";
			projectRoot = "";
			targets = (
				049D37F02A8B9CF900F934D3 /* iTunesApp */,
			);
		};
/* End PBXProject section */

/* Begin PBXResourcesBuildPhase section */
		049D37EF2A8B9CF900F934D3 /* Resources */ = {
			isa = PBXResourcesBuildPhase;
			buildActionMask = 2147483647;
			files = (
				049D38012A8B9CFA00F934D3 /* LaunchScreen.storyboard in Resources */,
				049D37FE2A8B9CFA00F934D3 /* Assets.xcassets in Resources */,
			);
			runOnlyForDeploymentPostprocessing = 0;
		};
/* End PBXResourcesBuildPhase section */

/* Begin PBXSourcesBuildPhase section */
		049D37ED2A8B9CF900F934D3 /* Sources */ = {
			isa = PBXSourcesBuildPhase;
			buildActionMask = 2147483647;
			files = (
				049D380D2A93828B00F934D3 /* UIStackView+ Extension.swift in Sources */,
				049D37F92A8B9CF900F934D3 /* AuthViewController.swift in Sources */,
				049D380F2A93A29F00F934D3 /* AlbumsViewController.swift in Sources */,
				04571B4E2A98DBC70033BC38 /* UserDefaultsManager.swift in Sources */,
				049D38182A94C81B00F934D3 /* SongsCollectionViewCell.swift in Sources */,
				049D38142A93A72100F934D3 /* AlbumsTableViewCell.swift in Sources */,
				049D381A2A94CA0A00F934D3 /* UserInfoViewController.swift in Sources */,
				04571B532A98EFF40033BC38 /* AlertOk.swift in Sources */,
				049D38162A94C3AA00F934D3 /* DetailAlbumViewController.swift in Sources */,
				04571B512A98DCF50033BC38 /* UserModel.swift in Sources */,
				049D38112A93A50A00F934D3 /* UIViewController + Extension.swift in Sources */,
				049D37F52A8B9CF900F934D3 /* AppDelegate.swift in Sources */,
				04571B4B2A97D8730033BC38 /* String+ Extension.swift in Sources */,
				04571B5A2A9C9B850033BC38 /* NetworkDataFetch.swift in Sources */,
				04571B552A9C92B20033BC38 /* AlbumModel.swift in Sources */,
				049D38092A93810000F934D3 /* SignUpViewController.swift in Sources */,
				049D37F72A8B9CF900F934D3 /* SceneDelegate.swift in Sources */,
				04571B582A9C960D0033BC38 /* NetworkRequest.swift in Sources */,
			);
			runOnlyForDeploymentPostprocessing = 0;
		};
/* End PBXSourcesBuildPhase section */

/* Begin PBXVariantGroup section */
		049D37FF2A8B9CFA00F934D3 /* LaunchScreen.storyboard */ = {
			isa = PBXVariantGroup;
			children = (
				049D38002A8B9CFA00F934D3 /* Base */,
			);
			name = LaunchScreen.storyboard;
			sourceTree = "<group>";
		};
/* End PBXVariantGroup section */

/* Begin XCBuildConfiguration section */
		049D38032A8B9CFA00F934D3 /* Debug */ = {
			isa = XCBuildConfiguration;
			buildSettings = {
				ALWAYS_SEARCH_USER_PATHS = NO;
				CLANG_ANALYZER_NONNULL = YES;
				CLANG_ANALYZER_NUMBER_OBJECT_CONVERSION = YES_AGGRESSIVE;
				CLANG_CXX_LANGUAGE_STANDARD = "gnu++20";
				CLANG_ENABLE_MODULES = YES;
				CLANG_ENABLE_OBJC_ARC = YES;
				CLANG_ENABLE_OBJC_WEAK = YES;
				CLANG_WARN_BLOCK_CAPTURE_AUTORELEASING = YES;
				CLANG_WARN_BOOL_CONVERSION = YES;
				CLANG_WARN_COMMA = YES;
				CLANG_WARN_CONSTANT_CONVERSION = YES;
				CLANG_WARN_DEPRECATED_OBJC_IMPLEMENTATIONS = YES;
				CLANG_WARN_DIRECT_OBJC_ISA_USAGE = YES_ERROR;
				CLANG_WARN_DOCUMENTATION_COMMENTS = YES;
				CLANG_WARN_EMPTY_BODY = YES;
				CLANG_WARN_ENUM_CONVERSION = YES;
				CLANG_WARN_INFINITE_RECURSION = YES;
				CLANG_WARN_INT_CONVERSION = YES;
				CLANG_WARN_NON_LITERAL_NULL_CONVERSION = YES;
				CLANG_WARN_OBJC_IMPLICIT_RETAIN_SELF = YES;
				CLANG_WARN_OBJC_LITERAL_CONVERSION = YES;
				CLANG_WARN_OBJC_ROOT_CLASS = YES_ERROR;
				CLANG_WARN_QUOTED_INCLUDE_IN_FRAMEWORK_HEADER = YES;
				CLANG_WARN_RANGE_LOOP_ANALYSIS = YES;
				CLANG_WARN_STRICT_PROTOTYPES = YES;
				CLANG_WARN_SUSPICIOUS_MOVE = YES;
				CLANG_WARN_UNGUARDED_AVAILABILITY = YES_AGGRESSIVE;
				CLANG_WARN_UNREACHABLE_CODE = YES;
				CLANG_WARN__DUPLICATE_METHOD_MATCH = YES;
				COPY_PHASE_STRIP = NO;
				DEBUG_INFORMATION_FORMAT = dwarf;
				ENABLE_STRICT_OBJC_MSGSEND = YES;
				ENABLE_TESTABILITY = YES;
				GCC_C_LANGUAGE_STANDARD = gnu11;
				GCC_DYNAMIC_NO_PIC = NO;
				GCC_NO_COMMON_BLOCKS = YES;
				GCC_OPTIMIZATION_LEVEL = 0;
				GCC_PREPROCESSOR_DEFINITIONS = (
					"DEBUG=1",
					"$(inherited)",
				);
				GCC_WARN_64_TO_32_BIT_CONVERSION = YES;
				GCC_WARN_ABOUT_RETURN_TYPE = YES_ERROR;
				GCC_WARN_UNDECLARED_SELECTOR = YES;
				GCC_WARN_UNINITIALIZED_AUTOS = YES_AGGRESSIVE;
				GCC_WARN_UNUSED_FUNCTION = YES;
				GCC_WARN_UNUSED_VARIABLE = YES;
				IPHONEOS_DEPLOYMENT_TARGET = 16.4;
				MTL_ENABLE_DEBUG_INFO = INCLUDE_SOURCE;
				MTL_FAST_MATH = YES;
				ONLY_ACTIVE_ARCH = YES;
				SDKROOT = iphoneos;
				SWIFT_ACTIVE_COMPILATION_CONDITIONS = DEBUG;
				SWIFT_OPTIMIZATION_LEVEL = "-Onone";
			};
			name = Debug;
		};
		049D38042A8B9CFA00F934D3 /* Release */ = {
			isa = XCBuildConfiguration;
			buildSettings = {
				ALWAYS_SEARCH_USER_PATHS = NO;
				CLANG_ANALYZER_NONNULL = YES;
				CLANG_ANALYZER_NUMBER_OBJECT_CONVERSION = YES_AGGRESSIVE;
				CLANG_CXX_LANGUAGE_STANDARD = "gnu++20";
				CLANG_ENABLE_MODULES = YES;
				CLANG_ENABLE_OBJC_ARC = YES;
				CLANG_ENABLE_OBJC_WEAK = YES;
				CLANG_WARN_BLOCK_CAPTURE_AUTORELEASING = YES;
				CLANG_WARN_BOOL_CONVERSION = YES;
				CLANG_WARN_COMMA = YES;
				CLANG_WARN_CONSTANT_CONVERSION = YES;
				CLANG_WARN_DEPRECATED_OBJC_IMPLEMENTATIONS = YES;
				CLANG_WARN_DIRECT_OBJC_ISA_USAGE = YES_ERROR;
				CLANG_WARN_DOCUMENTATION_COMMENTS = YES;
				CLANG_WARN_EMPTY_BODY = YES;
				CLANG_WARN_ENUM_CONVERSION = YES;
				CLANG_WARN_INFINITE_RECURSION = YES;
				CLANG_WARN_INT_CONVERSION = YES;
				CLANG_WARN_NON_LITERAL_NULL_CONVERSION = YES;
				CLANG_WARN_OBJC_IMPLICIT_RETAIN_SELF = YES;
				CLANG_WARN_OBJC_LITERAL_CONVERSION = YES;
				CLANG_WARN_OBJC_ROOT_CLASS = YES_ERROR;
				CLANG_WARN_QUOTED_INCLUDE_IN_FRAMEWORK_HEADER = YES;
				CLANG_WARN_RANGE_LOOP_ANALYSIS = YES;
				CLANG_WARN_STRICT_PROTOTYPES = YES;
				CLANG_WARN_SUSPICIOUS_MOVE = YES;
				CLANG_WARN_UNGUARDED_AVAILABILITY = YES_AGGRESSIVE;
				CLANG_WARN_UNREACHABLE_CODE = YES;
				CLANG_WARN__DUPLICATE_METHOD_MATCH = YES;
				COPY_PHASE_STRIP = NO;
				DEBUG_INFORMATION_FORMAT = "dwarf-with-dsym";
				ENABLE_NS_ASSERTIONS = NO;
				ENABLE_STRICT_OBJC_MSGSEND = YES;
				GCC_C_LANGUAGE_STANDARD = gnu11;
				GCC_NO_COMMON_BLOCKS = YES;
				GCC_WARN_64_TO_32_BIT_CONVERSION = YES;
				GCC_WARN_ABOUT_RETURN_TYPE = YES_ERROR;
				GCC_WARN_UNDECLARED_SELECTOR = YES;
				GCC_WARN_UNINITIALIZED_AUTOS = YES_AGGRESSIVE;
				GCC_WARN_UNUSED_FUNCTION = YES;
				GCC_WARN_UNUSED_VARIABLE = YES;
				IPHONEOS_DEPLOYMENT_TARGET = 16.4;
				MTL_ENABLE_DEBUG_INFO = NO;
				MTL_FAST_MATH = YES;
				SDKROOT = iphoneos;
				SWIFT_COMPILATION_MODE = wholemodule;
				SWIFT_OPTIMIZATION_LEVEL = "-O";
				VALIDATE_PRODUCT = YES;
			};
			name = Release;
		};
		049D38062A8B9CFA00F934D3 /* Debug */ = {
			isa = XCBuildConfiguration;
			buildSettings = {
				ASSETCATALOG_COMPILER_APPICON_NAME = AppIcon;
				ASSETCATALOG_COMPILER_GLOBAL_ACCENT_COLOR_NAME = AccentColor;
				CODE_SIGN_STYLE = Automatic;
				CURRENT_PROJECT_VERSION = 1;
				DEVELOPMENT_TEAM = 9J86PAFJNS;
				GENERATE_INFOPLIST_FILE = YES;
				INFOPLIST_FILE = iTunesApp/Info.plist;
				INFOPLIST_KEY_UIApplicationSupportsIndirectInputEvents = YES;
				INFOPLIST_KEY_UILaunchStoryboardName = LaunchScreen;
				INFOPLIST_KEY_UISupportedInterfaceOrientations_iPad = "UIInterfaceOrientationPortrait UIInterfaceOrientationPortraitUpsideDown UIInterfaceOrientationLandscapeLeft UIInterfaceOrientationLandscapeRight";
				INFOPLIST_KEY_UISupportedInterfaceOrientations_iPhone = "UIInterfaceOrientationPortrait UIInterfaceOrientationLandscapeLeft UIInterfaceOrientationLandscapeRight";
				LD_RUNPATH_SEARCH_PATHS = (
					"$(inherited)",
					"@executable_path/Frameworks",
				);
				MARKETING_VERSION = 1.0;
				PRODUCT_BUNDLE_IDENTIFIER = DKJ.iTunesApp;
				PRODUCT_NAME = "$(TARGET_NAME)";
				SWIFT_EMIT_LOC_STRINGS = YES;
				SWIFT_VERSION = 5.0;
				TARGETED_DEVICE_FAMILY = "1,2";
			};
			name = Debug;
		};
		049D38072A8B9CFA00F934D3 /* Release */ = {
			isa = XCBuildConfiguration;
			buildSettings = {
				ASSETCATALOG_COMPILER_APPICON_NAME = AppIcon;
				ASSETCATALOG_COMPILER_GLOBAL_ACCENT_COLOR_NAME = AccentColor;
				CODE_SIGN_STYLE = Automatic;
				CURRENT_PROJECT_VERSION = 1;
				DEVELOPMENT_TEAM = 9J86PAFJNS;
				GENERATE_INFOPLIST_FILE = YES;
				INFOPLIST_FILE = iTunesApp/Info.plist;
				INFOPLIST_KEY_UIApplicationSupportsIndirectInputEvents = YES;
				INFOPLIST_KEY_UILaunchStoryboardName = LaunchScreen;
				INFOPLIST_KEY_UISupportedInterfaceOrientations_iPad = "UIInterfaceOrientationPortrait UIInterfaceOrientationPortraitUpsideDown UIInterfaceOrientationLandscapeLeft UIInterfaceOrientationLandscapeRight";
				INFOPLIST_KEY_UISupportedInterfaceOrientations_iPhone = "UIInterfaceOrientationPortrait UIInterfaceOrientationLandscapeLeft UIInterfaceOrientationLandscapeRight";
				LD_RUNPATH_SEARCH_PATHS = (
					"$(inherited)",
					"@executable_path/Frameworks",
				);
				MARKETING_VERSION = 1.0;
				PRODUCT_BUNDLE_IDENTIFIER = DKJ.iTunesApp;
				PRODUCT_NAME = "$(TARGET_NAME)";
				SWIFT_EMIT_LOC_STRINGS = YES;
				SWIFT_VERSION = 5.0;
				TARGETED_DEVICE_FAMILY = "1,2";
			};
			name = Release;
		};
/* End XCBuildConfiguration section */

/* Begin XCConfigurationList section */
		049D37EC2A8B9CF900F934D3 /* Build configuration list for PBXProject "iTunesApp" */ = {
			isa = XCConfigurationList;
			buildConfigurations = (
				049D38032A8B9CFA00F934D3 /* Debug */,
				049D38042A8B9CFA00F934D3 /* Release */,
			);
			defaultConfigurationIsVisible = 0;
			defaultConfigurationName = Release;
		};
		049D38052A8B9CFA00F934D3 /* Build configuration list for PBXNativeTarget "iTunesApp" */ = {
			isa = XCConfigurationList;
			buildConfigurations = (
				049D38062A8B9CFA00F934D3 /* Debug */,
				049D38072A8B9CFA00F934D3 /* Release */,
			);
			defaultConfigurationIsVisible = 0;
			defaultConfigurationName = Release;
		};
/* End XCConfigurationList section */
	};
	rootObject = 049D37E92A8B9CF900F934D3 /* Project object */;
}
